// !$*UTF8*$!
{
	archiveVersion = 1;
	classes = {
	};
	objectVersion = 46;
	objects = {

/* Begin PBXBuildFile section */
		55D936411CC4C70A000F43DE /* AppDelegate.swift in Sources */ = {isa = PBXBuildFile; fileRef = 55D936401CC4C70A000F43DE /* AppDelegate.swift */; };
		55D936431CC4C70A000F43DE /* ViewController.swift in Sources */ = {isa = PBXBuildFile; fileRef = 55D936421CC4C70A000F43DE /* ViewController.swift */; };
		55D936461CC4C70A000F43DE /* Main.storyboard in Resources */ = {isa = PBXBuildFile; fileRef = 55D936441CC4C70A000F43DE /* Main.storyboard */; };
		55D936481CC4C70A000F43DE /* Assets.xcassets in Resources */ = {isa = PBXBuildFile; fileRef = 55D936471CC4C70A000F43DE /* Assets.xcassets */; };
		55D9364B1CC4C70A000F43DE /* LaunchScreen.storyboard in Resources */ = {isa = PBXBuildFile; fileRef = 55D936491CC4C70A000F43DE /* LaunchScreen.storyboard */; };
		55D936561CC4C70A000F43DE /* YaAppleTests.swift in Sources */ = {isa = PBXBuildFile; fileRef = 55D936551CC4C70A000F43DE /* YaAppleTests.swift */; };
		55D936611CC4C70A000F43DE /* YaAppleUITests.swift in Sources */ = {isa = PBXBuildFile; fileRef = 55D936601CC4C70A000F43DE /* YaAppleUITests.swift */; };
/* End PBXBuildFile section */

/* Begin PBXContainerItemProxy section */
		55D936521CC4C70A000F43DE /* PBXContainerItemProxy */ = {
			isa = PBXContainerItemProxy;
			containerPortal = 55D936351CC4C70A000F43DE /* Project object */;
			proxyType = 1;
			remoteGlobalIDString = 55D9363C1CC4C70A000F43DE;
			remoteInfo = YaApple;
		};
		55D9365D1CC4C70A000F43DE /* PBXContainerItemProxy */ = {
			isa = PBXContainerItemProxy;
			containerPortal = 55D936351CC4C70A000F43DE /* Project object */;
			proxyType = 1;
			remoteGlobalIDString = 55D9363C1CC4C70A000F43DE;
			remoteInfo = YaApple;
		};
/* End PBXContainerItemProxy section */

/* Begin PBXFileReference section */
		55D9363D1CC4C70A000F43DE /* YaApple.app */ = {isa = PBXFileReference; explicitFileType = wrapper.application; includeInIndex = 0; path = YaApple.app; sourceTree = BUILT_PRODUCTS_DIR; };
		55D936401CC4C70A000F43DE /* AppDelegate.swift */ = {isa = PBXFileReference; lastKnownFileType = sourcecode.swift; path = AppDelegate.swift; sourceTree = "<group>"; };
		55D936421CC4C70A000F43DE /* ViewController.swift */ = {isa = PBXFileReference; lastKnownFileType = sourcecode.swift; path = ViewController.swift; sourceTree = "<group>"; };
		55D936451CC4C70A000F43DE /* Base */ = {isa = PBXFileReference; lastKnownFileType = file.storyboard; name = Base; path = Base.lproj/Main.storyboard; sourceTree = "<group>"; };
		55D936471CC4C70A000F43DE /* Assets.xcassets */ = {isa = PBXFileReference; lastKnownFileType = folder.assetcatalog; path = Assets.xcassets; sourceTree = "<group>"; };
		55D9364A1CC4C70A000F43DE /* Base */ = {isa = PBXFileReference; lastKnownFileType = file.storyboard; name = Base; path = Base.lproj/LaunchScreen.storyboard; sourceTree = "<group>"; };
		55D9364C1CC4C70A000F43DE /* Info.plist */ = {isa = PBXFileReference; lastKnownFileType = text.plist.xml; path = Info.plist; sourceTree = "<group>"; };
		55D936511CC4C70A000F43DE /* YaAppleTests.xctest */ = {isa = PBXFileReference; explicitFileType = wrapper.cfbundle; includeInIndex = 0; path = YaAppleTests.xctest; sourceTree = BUILT_PRODUCTS_DIR; };
		55D936551CC4C70A000F43DE /* YaAppleTests.swift */ = {isa = PBXFileReference; lastKnownFileType = sourcecode.swift; path = YaAppleTests.swift; sourceTree = "<group>"; };
		55D936571CC4C70A000F43DE /* Info.plist */ = {isa = PBXFileReference; lastKnownFileType = text.plist.xml; path = Info.plist; sourceTree = "<group>"; };
		55D9365C1CC4C70A000F43DE /* YaAppleUITests.xctest */ = {isa = PBXFileReference; explicitFileType = wrapper.cfbundle; includeInIndex = 0; path = YaAppleUITests.xctest; sourceTree = BUILT_PRODUCTS_DIR; };
		55D936601CC4C70A000F43DE /* YaAppleUITests.swift */ = {isa = PBXFileReference; lastKnownFileType = sourcecode.swift; path = YaAppleUITests.swift; sourceTree = "<group>"; };
		55D936621CC4C70A000F43DE /* Info.plist */ = {isa = PBXFileReference; lastKnownFileType = text.plist.xml; path = Info.plist; sourceTree = "<group>"; };
/* End PBXFileReference section */

/* Begin PBXFrameworksBuildPhase section */
		55D9363A1CC4C70A000F43DE /* Frameworks */ = {
			isa = PBXFrameworksBuildPhase;
			buildActionMask = 2147483647;
			files = (
			);
			runOnlyForDeploymentPostprocessing = 0;
		};
		55D9364E1CC4C70A000F43DE /* Frameworks */ = {
			isa = PBXFrameworksBuildPhase;
			buildActionMask = 2147483647;
			files = (
			);
			runOnlyForDeploymentPostprocessing = 0;
		};
		55D936591CC4C70A000F43DE /* Frameworks */ = {
			isa = PBXFrameworksBuildPhase;
			buildActionMask = 2147483647;
			files = (
			);
			runOnlyForDeploymentPostprocessing = 0;
		};
/* End PBXFrameworksBuildPhase section */

/* Begin PBXGroup section */
		55D936341CC4C70A000F43DE = {
			isa = PBXGroup;
			children = (
				55D9363F1CC4C70A000F43DE /* YaApple */,
				55D936541CC4C70A000F43DE /* YaAppleTests */,
				55D9365F1CC4C70A000F43DE /* YaAppleUITests */,
				55D9363E1CC4C70A000F43DE /* Products */,
			);
			sourceTree = "<group>";
		};
		55D9363E1CC4C70A000F43DE /* Products */ = {
			isa = PBXGroup;
			children = (
				55D9363D1CC4C70A000F43DE /* YaApple.app */,
				55D936511CC4C70A000F43DE /* YaAppleTests.xctest */,
				55D9365C1CC4C70A000F43DE /* YaAppleUITests.xctest */,
			);
			name = Products;
			sourceTree = "<group>";
		};
		55D9363F1CC4C70A000F43DE /* YaApple */ = {
			isa = PBXGroup;
			children = (
				55D936401CC4C70A000F43DE /* AppDelegate.swift */,
				55D936421CC4C70A000F43DE /* ViewController.swift */,
				55D936441CC4C70A000F43DE /* Main.storyboard */,
				55D936471CC4C70A000F43DE /* Assets.xcassets */,
				55D936491CC4C70A000F43DE /* LaunchScreen.storyboard */,
				55D9364C1CC4C70A000F43DE /* Info.plist */,
			);
			path = YaApple;
			sourceTree = "<group>";
		};
		55D936541CC4C70A000F43DE /* YaAppleTests */ = {
			isa = PBXGroup;
			children = (
				55D936551CC4C70A000F43DE /* YaAppleTests.swift */,
				55D936571CC4C70A000F43DE /* Info.plist */,
			);
			path = YaAppleTests;
			sourceTree = "<group>";
		};
		55D9365F1CC4C70A000F43DE /* YaAppleUITests */ = {
			isa = PBXGroup;
			children = (
				55D936601CC4C70A000F43DE /* YaAppleUITests.swift */,
				55D936621CC4C70A000F43DE /* Info.plist */,
			);
			path = YaAppleUITests;
			sourceTree = "<group>";
		};
/* End PBXGroup section */

/* Begin PBXNativeTarget section */
		55D9363C1CC4C70A000F43DE /* YaApple */ = {
			isa = PBXNativeTarget;
			buildConfigurationList = 55D936651CC4C70A000F43DE /* Build configuration list for PBXNativeTarget "YaApple" */;
			buildPhases = (
				55D936391CC4C70A000F43DE /* Sources */,
				55D9363A1CC4C70A000F43DE /* Frameworks */,
				55D9363B1CC4C70A000F43DE /* Resources */,
			);
			buildRules = (
			);
			dependencies = (
			);
			name = YaApple;
			productName = YaApple;
			productReference = 55D9363D1CC4C70A000F43DE /* YaApple.app */;
			productType = "com.apple.product-type.application";
		};
		55D936501CC4C70A000F43DE /* YaAppleTests */ = {
			isa = PBXNativeTarget;
			buildConfigurationList = 55D936681CC4C70A000F43DE /* Build configuration list for PBXNativeTarget "YaAppleTests" */;
			buildPhases = (
				55D9364D1CC4C70A000F43DE /* Sources */,
				55D9364E1CC4C70A000F43DE /* Frameworks */,
				55D9364F1CC4C70A000F43DE /* Resources */,
			);
			buildRules = (
			);
			dependencies = (
				55D936531CC4C70A000F43DE /* PBXTargetDependency */,
			);
			name = YaAppleTests;
			productName = YaAppleTests;
			productReference = 55D936511CC4C70A000F43DE /* YaAppleTests.xctest */;
			productType = "com.apple.product-type.bundle.unit-test";
		};
		55D9365B1CC4C70A000F43DE /* YaAppleUITests */ = {
			isa = PBXNativeTarget;
			buildConfigurationList = 55D9366B1CC4C70A000F43DE /* Build configuration list for PBXNativeTarget "YaAppleUITests" */;
			buildPhases = (
				55D936581CC4C70A000F43DE /* Sources */,
				55D936591CC4C70A000F43DE /* Frameworks */,
				55D9365A1CC4C70A000F43DE /* Resources */,
			);
			buildRules = (
			);
			dependencies = (
				55D9365E1CC4C70A000F43DE /* PBXTargetDependency */,
			);
			name = YaAppleUITests;
			productName = YaAppleUITests;
			productReference = 55D9365C1CC4C70A000F43DE /* YaAppleUITests.xctest */;
			productType = "com.apple.product-type.bundle.ui-testing";
		};
/* End PBXNativeTarget section */

/* Begin PBXProject section */
		55D936351CC4C70A000F43DE /* Project object */ = {
			isa = PBXProject;
			attributes = {
				LastSwiftUpdateCheck = 0730;
				LastUpgradeCheck = 0730;
				ORGANIZATIONNAME = sire;
				TargetAttributes = {
					55D9363C1CC4C70A000F43DE = {
						CreatedOnToolsVersion = 7.3;
						DevelopmentTeam = 38AGCFBPU6;
					};
					55D936501CC4C70A000F43DE = {
						CreatedOnToolsVersion = 7.3;
						DevelopmentTeam = 38AGCFBPU6;
						TestTargetID = 55D9363C1CC4C70A000F43DE;
					};
					55D9365B1CC4C70A000F43DE = {
						CreatedOnToolsVersion = 7.3;
						DevelopmentTeam = 38AGCFBPU6;
						TestTargetID = 55D9363C1CC4C70A000F43DE;
					};
				};
			};
			buildConfigurationList = 55D936381CC4C70A000F43DE /* Build configuration list for PBXProject "YaApple" */;
			compatibilityVersion = "Xcode 3.2";
			developmentRegion = English;
			hasScannedForEncodings = 0;
			knownRegions = (
				en,
				Base,
			);
			mainGroup = 55D936341CC4C70A000F43DE;
			productRefGroup = 55D9363E1CC4C70A000F43DE /* Products */;
			projectDirPath = "";
			projectRoot = "";
			targets = (
				55D9363C1CC4C70A000F43DE /* YaApple */,
				55D936501CC4C70A000F43DE /* YaAppleTests */,
				55D9365B1CC4C70A000F43DE /* YaAppleUITests */,
			);
		};
/* End PBXProject section */

/* Begin PBXResourcesBuildPhase section */
		55D9363B1CC4C70A000F43DE /* Resources */ = {
			isa = PBXResourcesBuildPhase;
			buildActionMask = 2147483647;
			files = (
				55D9364B1CC4C70A000F43DE /* LaunchScreen.storyboard in Resources */,
				55D936481CC4C70A000F43DE /* Assets.xcassets in Resources */,
				55D936461CC4C70A000F43DE /* Main.storyboard in Resources */,
			);
			runOnlyForDeploymentPostprocessing = 0;
		};
		55D9364F1CC4C70A000F43DE /* Resources */ = {
			isa = PBXResourcesBuildPhase;
			buildActionMask = 2147483647;
			files = (
			);
			runOnlyForDeploymentPostprocessing = 0;
		};
		55D9365A1CC4C70A000F43DE /* Resources */ = {
			isa = PBXResourcesBuildPhase;
			buildActionMask = 2147483647;
			files = (
			);
			runOnlyForDeploymentPostprocessing = 0;
		};
/* End PBXResourcesBuildPhase section */

/* Begin PBXSourcesBuildPhase section */
		55D936391CC4C70A000F43DE /* Sources */ = {
			isa = PBXSourcesBuildPhase;
			buildActionMask = 2147483647;
			files = (
				55D936431CC4C70A000F43DE /* ViewController.swift in Sources */,
				55D936411CC4C70A000F43DE /* AppDelegate.swift in Sources */,
			);
			runOnlyForDeploymentPostprocessing = 0;
		};
		55D9364D1CC4C70A000F43DE /* Sources */ = {
			isa = PBXSourcesBuildPhase;
			buildActionMask = 2147483647;
			files = (
				55D936561CC4C70A000F43DE /* YaAppleTests.swift in Sources */,
			);
			runOnlyForDeploymentPostprocessing = 0;
		};
		55D936581CC4C70A000F43DE /* Sources */ = {
			isa = PBXSourcesBuildPhase;
			buildActionMask = 2147483647;
			files = (
				55D936611CC4C70A000F43DE /* YaAppleUITests.swift in Sources */,
			);
			runOnlyForDeploymentPostprocessing = 0;
		};
/* End PBXSourcesBuildPhase section */

/* Begin PBXTargetDependency section */
		55D936531CC4C70A000F43DE /* PBXTargetDependency */ = {
			isa = PBXTargetDependency;
			target = 55D9363C1CC4C70A000F43DE /* YaApple */;
			targetProxy = 55D936521CC4C70A000F43DE /* PBXContainerItemProxy */;
		};
		55D9365E1CC4C70A000F43DE /* PBXTargetDependency */ = {
			isa = PBXTargetDependency;
			target = 55D9363C1CC4C70A000F43DE /* YaApple */;
			targetProxy = 55D9365D1CC4C70A000F43DE /* PBXContainerItemProxy */;
		};
/* End PBXTargetDependency section */

/* Begin PBXVariantGroup section */
		55D936441CC4C70A000F43DE /* Main.storyboard */ = {
			isa = PBXVariantGroup;
			children = (
				55D936451CC4C70A000F43DE /* Base */,
			);
			name = Main.storyboard;
			sourceTree = "<group>";
		};
		55D936491CC4C70A000F43DE /* LaunchScreen.storyboard */ = {
			isa = PBXVariantGroup;
			children = (
				55D9364A1CC4C70A000F43DE /* Base */,
			);
			name = LaunchScreen.storyboard;
			sourceTree = "<group>";
		};
/* End PBXVariantGroup section */

/* Begin XCBuildConfiguration section */
		55D936631CC4C70A000F43DE /* Debug */ = {
			isa = XCBuildConfiguration;
			buildSettings = {
				ALWAYS_SEARCH_USER_PATHS = NO;
				CLANG_ANALYZER_NONNULL = YES;
				CLANG_CXX_LANGUAGE_STANDARD = "gnu++0x";
				CLANG_CXX_LIBRARY = "libc++";
				CLANG_ENABLE_MODULES = YES;
				CLANG_ENABLE_OBJC_ARC = YES;
				CLANG_WARN_BOOL_CONVERSION = YES;
				CLANG_WARN_CONSTANT_CONVERSION = YES;
				CLANG_WARN_DIRECT_OBJC_ISA_USAGE = YES_ERROR;
				CLANG_WARN_EMPTY_BODY = YES;
				CLANG_WARN_ENUM_CONVERSION = YES;
				CLANG_WARN_INT_CONVERSION = YES;
				CLANG_WARN_OBJC_ROOT_CLASS = YES_ERROR;
				CLANG_WARN_UNREACHABLE_CODE = YES;
				CLANG_WARN__DUPLICATE_METHOD_MATCH = YES;
				"CODE_SIGN_IDENTITY[sdk=iphoneos*]" = "iPhone Developer";
				COPY_PHASE_STRIP = NO;
				DEBUG_INFORMATION_FORMAT = dwarf;
				ENABLE_STRICT_OBJC_MSGSEND = YES;
				ENABLE_TESTABILITY = YES;
				GCC_C_LANGUAGE_STANDARD = gnu99;
				GCC_DYNAMIC_NO_PIC = NO;
				GCC_NO_COMMON_BLOCKS = YES;
				GCC_OPTIMIZATION_LEVEL = 0;
				GCC_PREPROCESSOR_DEFINITIONS = (
					"DEBUG=1",
					"$(inherited)",
				);
				GCC_WARN_64_TO_32_BIT_CONVERSION = YES;
				GCC_WARN_ABOUT_RETURN_TYPE = YES_ERROR;
				GCC_WARN_UNDECLARED_SELECTOR = YES;
				GCC_WARN_UNINITIALIZED_AUTOS = YES_AGGRESSIVE;
				GCC_WARN_UNUSED_FUNCTION = YES;
				GCC_WARN_UNUSED_VARIABLE = YES;
				IPHONEOS_DEPLOYMENT_TARGET = 9.3;
				MTL_ENABLE_DEBUG_INFO = YES;
				ONLY_ACTIVE_ARCH = YES;
				SDKROOT = iphoneos;
				SWIFT_OPTIMIZATION_LEVEL = "-Onone";
				TARGETED_DEVICE_FAMILY = "1,2";
			};
			name = Debug;
		};
		55D936641CC4C70A000F43DE /* Release */ = {
			isa = XCBuildConfiguration;
			buildSettings = {
				ALWAYS_SEARCH_USER_PATHS = NO;
				CLANG_ANALYZER_NONNULL = YES;
				CLANG_CXX_LANGUAGE_STANDARD = "gnu++0x";
				CLANG_CXX_LIBRARY = "libc++";
				CLANG_ENABLE_MODULES = YES;
				CLANG_ENABLE_OBJC_ARC = YES;
				CLANG_WARN_BOOL_CONVERSION = YES;
				CLANG_WARN_CONSTANT_CONVERSION = YES;
				CLANG_WARN_DIRECT_OBJC_ISA_USAGE = YES_ERROR;
				CLANG_WARN_EMPTY_BODY = YES;
				CLANG_WARN_ENUM_CONVERSION = YES;
				CLANG_WARN_INT_CONVERSION = YES;
				CLANG_WARN_OBJC_ROOT_CLASS = YES_ERROR;
				CLANG_WARN_UNREACHABLE_CODE = YES;
				CLANG_WARN__DUPLICATE_METHOD_MATCH = YES;
				"CODE_SIGN_IDENTITY[sdk=iphoneos*]" = "iPhone Developer";
				COPY_PHASE_STRIP = NO;
				DEBUG_INFORMATION_FORMAT = "dwarf-with-dsym";
				ENABLE_NS_ASSERTIONS = NO;
				ENABLE_STRICT_OBJC_MSGSEND = YES;
				GCC_C_LANGUAGE_STANDARD = gnu99;
				GCC_NO_COMMON_BLOCKS = YES;
				GCC_WARN_64_TO_32_BIT_CONVERSION = YES;
				GCC_WARN_ABOUT_RETURN_TYPE = YES_ERROR;
				GCC_WARN_UNDECLARED_SELECTOR = YES;
				GCC_WARN_UNINITIALIZED_AUTOS = YES_AGGRESSIVE;
				GCC_WARN_UNUSED_FUNCTION = YES;
				GCC_WARN_UNUSED_VARIABLE = YES;
				IPHONEOS_DEPLOYMENT_TARGET = 9.3;
				MTL_ENABLE_DEBUG_INFO = NO;
				SDKROOT = iphoneos;
				TARGETED_DEVICE_FAMILY = "1,2";
				VALIDATE_PRODUCT = YES;
			};
			name = Release;
		};
		55D936661CC4C70A000F43DE /* Debug */ = {
			isa = XCBuildConfiguration;
			buildSettings = {
				ASSETCATALOG_COMPILER_APPICON_NAME = AppIcon;
				INFOPLIST_FILE = YaApple/Info.plist;
				LD_RUNPATH_SEARCH_PATHS = "$(inherited) @executable_path/Frameworks";
				PRODUCT_BUNDLE_IDENTIFIER = com.yapingguo.com.YaApple;
				PRODUCT_NAME = "$(TARGET_NAME)";
			};
			name = Debug;
		};
		55D936671CC4C70A000F43DE /* Release */ = {
			isa = XCBuildConfiguration;
			buildSettings = {
				ASSETCATALOG_COMPILER_APPICON_NAME = AppIcon;
				INFOPLIST_FILE = YaApple/Info.plist;
				LD_RUNPATH_SEARCH_PATHS = "$(inherited) @executable_path/Frameworks";
				PRODUCT_BUNDLE_IDENTIFIER = com.yapingguo.com.YaApple;
				PRODUCT_NAME = "$(TARGET_NAME)";
			};
			name = Release;
		};
		55D936691CC4C70A000F43DE /* Debug */ = {
			isa = XCBuildConfiguration;
			buildSettings = {
				BUNDLE_LOADER = "$(TEST_HOST)";
				INFOPLIST_FILE = YaAppleTests/Info.plist;
				LD_RUNPATH_SEARCH_PATHS = "$(inherited) @executable_path/Frameworks @loader_path/Frameworks";
				PRODUCT_BUNDLE_IDENTIFIER = com.yapingguo.com.YaAppleTests;
				PRODUCT_NAME = "$(TARGET_NAME)";
				TEST_HOST = "$(BUILT_PRODUCTS_DIR)/YaApple.app/YaApple";
			};
			name = Debug;
		};
		55D9366A1CC4C70A000F43DE /* Release */ = {
			isa = XCBuildConfiguration;
			buildSettings = {
				BUNDLE_LOADER = "$(TEST_HOST)";
				INFOPLIST_FILE = YaAppleTests/Info.plist;
				LD_RUNPATH_SEARCH_PATHS = "$(inherited) @executable_path/Frameworks @loader_path/Frameworks";
				PRODUCT_BUNDLE_IDENTIFIER = com.yapingguo.com.YaAppleTests;
				PRODUCT_NAME = "$(TARGET_NAME)";
				TEST_HOST = "$(BUILT_PRODUCTS_DIR)/YaApple.app/YaApple";
			};
			name = Release;
		};
		55D9366C1CC4C70A000F43DE /* Debug */ = {
			isa = XCBuildConfiguration;
			buildSettings = {
				INFOPLIST_FILE = YaAppleUITests/Info.plist;
				LD_RUNPATH_SEARCH_PATHS = "$(inherited) @executable_path/Frameworks @loader_path/Frameworks";
				PRODUCT_BUNDLE_IDENTIFIER = com.yapingguo.com.YaAppleUITests;
				PRODUCT_NAME = "$(TARGET_NAME)";
				TEST_TARGET_NAME = YaApple;
			};
			name = Debug;
		};
		55D9366D1CC4C70A000F43DE /* Release */ = {
			isa = XCBuildConfiguration;
			buildSettings = {
				INFOPLIST_FILE = YaAppleUITests/Info.plist;
				LD_RUNPATH_SEARCH_PATHS = "$(inherited) @executable_path/Frameworks @loader_path/Frameworks";
				PRODUCT_BUNDLE_IDENTIFIER = com.yapingguo.com.YaAppleUITests;
				PRODUCT_NAME = "$(TARGET_NAME)";
				TEST_TARGET_NAME = YaApple;
			};
			name = Release;
		};
/* End XCBuildConfiguration section */

/* Begin XCConfigurationList section */
		55D936381CC4C70A000F43DE /* Build configuration list for PBXProject "YaApple" */ = {
			isa = XCConfigurationList;
			buildConfigurations = (
				55D936631CC4C70A000F43DE /* Debug */,
				55D936641CC4C70A000F43DE /* Release */,
			);
			defaultConfigurationIsVisible = 0;
			defaultConfigurationName = Release;
		};
		55D936651CC4C70A000F43DE /* Build configuration list for PBXNativeTarget "YaApple" */ = {
			isa = XCConfigurationList;
			buildConfigurations = (
				55D936661CC4C70A000F43DE /* Debug */,
				55D936671CC4C70A000F43DE /* Release */,
			);
			defaultConfigurationIsVisible = 0;
		};
		55D936681CC4C70A000F43DE /* Build configuration list for PBXNativeTarget "YaAppleTests" */ = {
			isa = XCConfigurationList;
			buildConfigurations = (
				55D936691CC4C70A000F43DE /* Debug */,
				55D9366A1CC4C70A000F43DE /* Release */,
			);
			defaultConfigurationIsVisible = 0;
		};
		55D9366B1CC4C70A000F43DE /* Build configuration list for PBXNativeTarget "YaAppleUITests" */ = {
			isa = XCConfigurationList;
			buildConfigurations = (
				55D9366C1CC4C70A000F43DE /* Debug */,
				55D9366D1CC4C70A000F43DE /* Release */,
			);
			defaultConfigurationIsVisible = 0;
		};
/* End XCConfigurationList section */
	};
	rootObject = 55D936351CC4C70A000F43DE /* Project object */;
}
